
Microsoft Visual Studio Solution File, Format Version 12.00
# Visual Studio Version 17
VisualStudioVersion = 17.8.34330.188
MinimumVisualStudioVersion = 10.0.40219.1
Project("{FAE04EC0-301F-11D3-BF4B-00C04F79EFBC}") = "avaliacao2703", "avaliacao2703.csproj", "{E10BF17E-E685-4D55-B11E-5A43915A8D65}"
EndProject
Global
	GlobalSection(SolutionConfigurationPlatforms) = preSolution
		Debug|Any CPU = Debug|Any CPU
		Release|Any CPU = Release|Any CPU
	EndGlobalSection
	GlobalSection(ProjectConfigurationPlatforms) = postSolution
		{E10BF17E-E685-4D55-B11E-5A43915A8D65}.Debug|Any CPU.ActiveCfg = Debug|Any CPU
		{E10BF17E-E685-4D55-B11E-5A43915A8D65}.Debug|Any CPU.Build.0 = Debug|Any CPU
		{E10BF17E-E685-4D55-B11E-5A43915A8D65}.Debug|Any CPU.Deploy.0 = Debug|Any CPU
		{E10BF17E-E685-4D55-B11E-5A43915A8D65}.Release|Any CPU.ActiveCfg = Release|Any CPU
		{E10BF17E-E685-4D55-B11E-5A43915A8D65}.Release|Any CPU.Build.0 = Release|Any CPU
		{E10BF17E-E685-4D55-B11E-5A43915A8D65}.Release|Any CPU.Deploy.0 = Release|Any CPU
	EndGlobalSection
	GlobalSection(SolutionProperties) = preSolution
		HideSolutionNode = FALSE
	EndGlobalSection
	GlobalSection(ExtensibilityGlobals) = postSolution
		SolutionGuid = {CC8A987A-40DD-458B-8FF7-3C4F23ACEAED}
	EndGlobalSection
EndGlobal
